
Microsoft Visual Studio Solution File, Format Version 12.00
# Visual Studio Version 16
VisualStudioVersion = 16.0.29926.136
MinimumVisualStudioVersion = 10.0.40219.1
Project("{9A19103F-16F7-4668-BE54-9A1E7A4F7556}") = "GeoLinks.DataLayer", "GeoLinks.DataLayer\GeoLinks.DataLayer.csproj", "{7FE5E798-CD5E-4C7C-96BF-0E1354440190}"
EndProject
Project("{9A19103F-16F7-4668-BE54-9A1E7A4F7556}") = "GeoLinks.Entities", "GeoLinks.Entities\GeoLinks.Entities.csproj", "{2441C20D-F0F6-4E53-875E-7B229E67F689}"
EndProject
Project("{9A19103F-16F7-4668-BE54-9A1E7A4F7556}") = "GeoLinks.Services", "GeoLinks.Services\GeoLinks.Services.csproj", "{D47C91EB-1EEE-4DAB-8EEC-36DD776C10D3}"
EndProject
Project("{9A19103F-16F7-4668-BE54-9A1E7A4F7556}") = "GeoLinks.API", "GeoLinks.API\GeoLinks.API.csproj", "{C0560947-66FD-4A95-A245-041EECDB855E}"
EndProject
Project("{FAE04EC0-301F-11D3-BF4B-00C04F79EFBC}") = "GeoLinks.Authentication", "GeoLinks.Authentication\GeoLinks.Authentication.csproj", "{BADE3DC3-5B79-4703-973D-5F1225BA90E4}"
EndProject
Global
	GlobalSection(SolutionConfigurationPlatforms) = preSolution
		Debug|Any CPU = Debug|Any CPU
		Release|Any CPU = Release|Any CPU
	EndGlobalSection
	GlobalSection(ProjectConfigurationPlatforms) = postSolution
		{7FE5E798-CD5E-4C7C-96BF-0E1354440190}.Debug|Any CPU.ActiveCfg = Debug|Any CPU
		{7FE5E798-CD5E-4C7C-96BF-0E1354440190}.Debug|Any CPU.Build.0 = Debug|Any CPU
		{7FE5E798-CD5E-4C7C-96BF-0E1354440190}.Release|Any CPU.ActiveCfg = Release|Any CPU
		{7FE5E798-CD5E-4C7C-96BF-0E1354440190}.Release|Any CPU.Build.0 = Release|Any CPU
		{2441C20D-F0F6-4E53-875E-7B229E67F689}.Debug|Any CPU.ActiveCfg = Debug|Any CPU
		{2441C20D-F0F6-4E53-875E-7B229E67F689}.Debug|Any CPU.Build.0 = Debug|Any CPU
		{2441C20D-F0F6-4E53-875E-7B229E67F689}.Release|Any CPU.ActiveCfg = Release|Any CPU
		{2441C20D-F0F6-4E53-875E-7B229E67F689}.Release|Any CPU.Build.0 = Release|Any CPU
		{D47C91EB-1EEE-4DAB-8EEC-36DD776C10D3}.Debug|Any CPU.ActiveCfg = Debug|Any CPU
		{D47C91EB-1EEE-4DAB-8EEC-36DD776C10D3}.Debug|Any CPU.Build.0 = Debug|Any CPU
		{D47C91EB-1EEE-4DAB-8EEC-36DD776C10D3}.Release|Any CPU.ActiveCfg = Release|Any CPU
		{D47C91EB-1EEE-4DAB-8EEC-36DD776C10D3}.Release|Any CPU.Build.0 = Release|Any CPU
		{C0560947-66FD-4A95-A245-041EECDB855E}.Debug|Any CPU.ActiveCfg = Debug|Any CPU
		{C0560947-66FD-4A95-A245-041EECDB855E}.Debug|Any CPU.Build.0 = Debug|Any CPU
		{C0560947-66FD-4A95-A245-041EECDB855E}.Release|Any CPU.ActiveCfg = Release|Any CPU
		{C0560947-66FD-4A95-A245-041EECDB855E}.Release|Any CPU.Build.0 = Release|Any CPU
		{BADE3DC3-5B79-4703-973D-5F1225BA90E4}.Debug|Any CPU.ActiveCfg = Debug|Any CPU
		{BADE3DC3-5B79-4703-973D-5F1225BA90E4}.Debug|Any CPU.Build.0 = Debug|Any CPU
		{BADE3DC3-5B79-4703-973D-5F1225BA90E4}.Release|Any CPU.ActiveCfg = Release|Any CPU
		{BADE3DC3-5B79-4703-973D-5F1225BA90E4}.Release|Any CPU.Build.0 = Release|Any CPU
	EndGlobalSection
	GlobalSection(SolutionProperties) = preSolution
		HideSolutionNode = FALSE
	EndGlobalSection
	GlobalSection(ExtensibilityGlobals) = postSolution
		SolutionGuid = {E419C30B-A960-4C71-A9C8-B4E8960170BB}
	EndGlobalSection
EndGlobal
